
Microsoft Visual Studio Solution File, Format Version 12.00
# Visual Studio Version 17
VisualStudioVersion = 17.14.36623.8 d17.14
MinimumVisualStudioVersion = 10.0.40219.1
Project("{8BC9CEB8-8B4A-11D0-8D11-00A0C91BC942}") = "CodeTaiLop", "CodeTaiLop\CodeTaiLop.vcxproj", "{8E9970E7-392B-4BB0-8D22-3EC12F9B86E2}"
EndProject
Global
	GlobalSection(SolutionConfigurationPlatforms) = preSolution
		Debug|x64 = Debug|x64
		Debug|x86 = Debug|x86
		Release|x64 = Release|x64
		Release|x86 = Release|x86
	EndGlobalSection
	GlobalSection(ProjectConfigurationPlatforms) = postSolution
		{8E9970E7-392B-4BB0-8D22-3EC12F9B86E2}.Debug|x64.ActiveCfg = Debug|x64
		{8E9970E7-392B-4BB0-8D22-3EC12F9B86E2}.Debug|x64.Build.0 = Debug|x64
		{8E9970E7-392B-4BB0-8D22-3EC12F9B86E2}.Debug|x86.ActiveCfg = Debug|Win32
		{8E9970E7-392B-4BB0-8D22-3EC12F9B86E2}.Debug|x86.Build.0 = Debug|Win32
		{8E9970E7-392B-4BB0-8D22-3EC12F9B86E2}.Release|x64.ActiveCfg = Release|x64
		{8E9970E7-392B-4BB0-8D22-3EC12F9B86E2}.Release|x64.Build.0 = Release|x64
		{8E9970E7-392B-4BB0-8D22-3EC12F9B86E2}.Release|x86.ActiveCfg = Release|Win32
		{8E9970E7-392B-4BB0-8D22-3EC12F9B86E2}.Release|x86.Build.0 = Release|Win32
	EndGlobalSection
	GlobalSection(SolutionProperties) = preSolution
		HideSolutionNode = FALSE
	EndGlobalSection
	GlobalSection(ExtensibilityGlobals) = postSolution
		SolutionGuid = {6A31A2CC-0FF5-4F61-9A0C-B3E074F33BCE}
	EndGlobalSection
EndGlobal
